
Microsoft Visual Studio Solution File, Format Version 11.00
# Visual Studio 2010
Project("{FAE04EC0-301F-11D3-BF4B-00C04F79EFBC}") = "LibCamera", "LibCamera\LibCamera.csproj", "{6536B179-A0F4-4A47-A5BE-392E33CD0742}"
EndProject
Project("{FAE04EC0-301F-11D3-BF4B-00C04F79EFBC}") = "LibUSBLauncher", "LibUSBLauncher\LibUSBLauncher.csproj", "{336A8D31-595C-41F1-ABD6-B08A4AF08979}"
EndProject
Project("{FAE04EC0-301F-11D3-BF4B-00C04F79EFBC}") = "SharpLauncher", "SharpLauncher\SharpLauncher.csproj", "{6499EEC8-04A8-492C-A583-1EBB79A7442F}"
EndProject
Project("{FAE04EC0-301F-11D3-BF4B-00C04F79EFBC}") = "LibHid", "LibHid\LibHid.csproj", "{71E42A6D-C432-4C03-BF4F-ABFD2A3173E0}"
EndProject
Global
	GlobalSection(SolutionConfigurationPlatforms) = preSolution
		Debug|Any CPU = Debug|Any CPU
		Release|Any CPU = Release|Any CPU
	EndGlobalSection
	GlobalSection(ProjectConfigurationPlatforms) = postSolution
		{6536B179-A0F4-4A47-A5BE-392E33CD0742}.Debug|Any CPU.ActiveCfg = Debug|Any CPU
		{6536B179-A0F4-4A47-A5BE-392E33CD0742}.Debug|Any CPU.Build.0 = Debug|Any CPU
		{6536B179-A0F4-4A47-A5BE-392E33CD0742}.Release|Any CPU.ActiveCfg = Release|Any CPU
		{6536B179-A0F4-4A47-A5BE-392E33CD0742}.Release|Any CPU.Build.0 = Release|Any CPU
		{336A8D31-595C-41F1-ABD6-B08A4AF08979}.Debug|Any CPU.ActiveCfg = Debug|Any CPU
		{336A8D31-595C-41F1-ABD6-B08A4AF08979}.Debug|Any CPU.Build.0 = Debug|Any CPU
		{336A8D31-595C-41F1-ABD6-B08A4AF08979}.Release|Any CPU.ActiveCfg = Release|Any CPU
		{336A8D31-595C-41F1-ABD6-B08A4AF08979}.Release|Any CPU.Build.0 = Release|Any CPU
		{6499EEC8-04A8-492C-A583-1EBB79A7442F}.Debug|Any CPU.ActiveCfg = Debug|Any CPU
		{6499EEC8-04A8-492C-A583-1EBB79A7442F}.Debug|Any CPU.Build.0 = Debug|Any CPU
		{6499EEC8-04A8-492C-A583-1EBB79A7442F}.Release|Any CPU.ActiveCfg = Release|Any CPU
		{6499EEC8-04A8-492C-A583-1EBB79A7442F}.Release|Any CPU.Build.0 = Release|Any CPU
		{71E42A6D-C432-4C03-BF4F-ABFD2A3173E0}.Debug|Any CPU.ActiveCfg = Debug|Any CPU
		{71E42A6D-C432-4C03-BF4F-ABFD2A3173E0}.Debug|Any CPU.Build.0 = Debug|Any CPU
		{71E42A6D-C432-4C03-BF4F-ABFD2A3173E0}.Release|Any CPU.ActiveCfg = Release|Any CPU
		{71E42A6D-C432-4C03-BF4F-ABFD2A3173E0}.Release|Any CPU.Build.0 = Release|Any CPU
	EndGlobalSection
	GlobalSection(SolutionProperties) = preSolution
		HideSolutionNode = FALSE
	EndGlobalSection
EndGlobal
